
Microsoft Visual Studio Solution File, Format Version 12.00
# Visual Studio Version 16
VisualStudioVersion = 16.0.33801.447
MinimumVisualStudioVersion = 10.0.40219.1
Project("{FAE04EC0-301F-11D3-BF4B-00C04F79EFBC}") = "GroupProject_K4T", "GroupProject_K4T.csproj", "{AF4F2331-3B1E-4C97-ABB4-AAF45FFEFD14}"
EndProject
Global
	GlobalSection(SolutionConfigurationPlatforms) = preSolution
		Debug|Any CPU = Debug|Any CPU
		Release|Any CPU = Release|Any CPU
	EndGlobalSection
	GlobalSection(ProjectConfigurationPlatforms) = postSolution
		{AF4F2331-3B1E-4C97-ABB4-AAF45FFEFD14}.Debug|Any CPU.ActiveCfg = Debug|Any CPU
		{AF4F2331-3B1E-4C97-ABB4-AAF45FFEFD14}.Debug|Any CPU.Build.0 = Debug|Any CPU
		{AF4F2331-3B1E-4C97-ABB4-AAF45FFEFD14}.Release|Any CPU.ActiveCfg = Release|Any CPU
		{AF4F2331-3B1E-4C97-ABB4-AAF45FFEFD14}.Release|Any CPU.Build.0 = Release|Any CPU
	EndGlobalSection
	GlobalSection(SolutionProperties) = preSolution
		HideSolutionNode = FALSE
	EndGlobalSection
	GlobalSection(ExtensibilityGlobals) = postSolution
		SolutionGuid = {F6C50D63-9208-493A-B1EB-EFD7A6924359}
	EndGlobalSection
EndGlobal
